
Microsoft Visual Studio Solution File, Format Version 12.00
# Visual Studio Version 17
VisualStudioVersion = 17.8.34511.84
MinimumVisualStudioVersion = 10.0.40219.1
Project("{9A19103F-16F7-4668-BE54-9A1E7A4F7556}") = "Avalonia-Test-1", "Avalonia-Test-1.csproj", "{2CF8671F-20AC-45B3-BCB7-3844443DC8FE}"
EndProject
Project("{9A19103F-16F7-4668-BE54-9A1E7A4F7556}") = "Avalonia-Test-1.Desktop", "..\Avalonia-Test-1.Desktop\Avalonia-Test-1.Desktop.csproj", "{3B1EE9BC-1E63-44EC-9EFD-FD6A8047E060}"
EndProject
Global
	GlobalSection(SolutionConfigurationPlatforms) = preSolution
		Debug|Any CPU = Debug|Any CPU
		Release|Any CPU = Release|Any CPU
	EndGlobalSection
	GlobalSection(ProjectConfigurationPlatforms) = postSolution
		{2CF8671F-20AC-45B3-BCB7-3844443DC8FE}.Debug|Any CPU.ActiveCfg = Debug|Any CPU
		{2CF8671F-20AC-45B3-BCB7-3844443DC8FE}.Debug|Any CPU.Build.0 = Debug|Any CPU
		{2CF8671F-20AC-45B3-BCB7-3844443DC8FE}.Release|Any CPU.ActiveCfg = Release|Any CPU
		{2CF8671F-20AC-45B3-BCB7-3844443DC8FE}.Release|Any CPU.Build.0 = Release|Any CPU
		{3B1EE9BC-1E63-44EC-9EFD-FD6A8047E060}.Debug|Any CPU.ActiveCfg = Debug|Any CPU
		{3B1EE9BC-1E63-44EC-9EFD-FD6A8047E060}.Debug|Any CPU.Build.0 = Debug|Any CPU
		{3B1EE9BC-1E63-44EC-9EFD-FD6A8047E060}.Release|Any CPU.ActiveCfg = Release|Any CPU
		{3B1EE9BC-1E63-44EC-9EFD-FD6A8047E060}.Release|Any CPU.Build.0 = Release|Any CPU
	EndGlobalSection
	GlobalSection(SolutionProperties) = preSolution
		HideSolutionNode = FALSE
	EndGlobalSection
	GlobalSection(ExtensibilityGlobals) = postSolution
		SolutionGuid = {47011C75-F063-4071-9013-B8B266A32BED}
	EndGlobalSection
EndGlobal
